
Microsoft Visual Studio Solution File, Format Version 12.00
# Visual Studio 15
VisualStudioVersion = 15.0.28307.438
MinimumVisualStudioVersion = 10.0.40219.1
Project("{FAE04EC0-301F-11D3-BF4B-00C04F79EFBC}") = "ex1", "ex1\ex1.csproj", "{43B59D69-7DCE-491B-9AC4-F7E57546404D}"
EndProject
Global
	GlobalSection(SolutionConfigurationPlatforms) = preSolution
		Debug|Any CPU = Debug|Any CPU
		Release|Any CPU = Release|Any CPU
	EndGlobalSection
	GlobalSection(ProjectConfigurationPlatforms) = postSolution
		{43B59D69-7DCE-491B-9AC4-F7E57546404D}.Debug|Any CPU.ActiveCfg = Debug|Any CPU
		{43B59D69-7DCE-491B-9AC4-F7E57546404D}.Debug|Any CPU.Build.0 = Debug|Any CPU
		{43B59D69-7DCE-491B-9AC4-F7E57546404D}.Release|Any CPU.ActiveCfg = Release|Any CPU
		{43B59D69-7DCE-491B-9AC4-F7E57546404D}.Release|Any CPU.Build.0 = Release|Any CPU
	EndGlobalSection
	GlobalSection(SolutionProperties) = preSolution
		HideSolutionNode = FALSE
	EndGlobalSection
	GlobalSection(ExtensibilityGlobals) = postSolution
		SolutionGuid = {0EBAE3C1-E8D7-4399-ACCB-920231FC7A40}
	EndGlobalSection
EndGlobal
